
Microsoft Visual Studio Solution File, Format Version 12.00
# Visual Studio 15
VisualStudioVersion = 15.0.28307.1000
MinimumVisualStudioVersion = 10.0.40219.1
Project("{FAE04EC0-301F-11D3-BF4B-00C04F79EFBC}") = "htmlEditor", "htmlEditor\htmlEditor.csproj", "{C3BC8B7F-37FB-4CD5-8E0F-97D328AF5556}"
EndProject
Global
	GlobalSection(SolutionConfigurationPlatforms) = preSolution
		Debug|Any CPU = Debug|Any CPU
		Release|Any CPU = Release|Any CPU
	EndGlobalSection
	GlobalSection(ProjectConfigurationPlatforms) = postSolution
		{C3BC8B7F-37FB-4CD5-8E0F-97D328AF5556}.Debug|Any CPU.ActiveCfg = Debug|Any CPU
		{C3BC8B7F-37FB-4CD5-8E0F-97D328AF5556}.Debug|Any CPU.Build.0 = Debug|Any CPU
		{C3BC8B7F-37FB-4CD5-8E0F-97D328AF5556}.Release|Any CPU.ActiveCfg = Release|Any CPU
		{C3BC8B7F-37FB-4CD5-8E0F-97D328AF5556}.Release|Any CPU.Build.0 = Release|Any CPU
	EndGlobalSection
	GlobalSection(SolutionProperties) = preSolution
		HideSolutionNode = FALSE
	EndGlobalSection
	GlobalSection(ExtensibilityGlobals) = postSolution
		SolutionGuid = {A701D93A-DCA2-442A-BF7D-77900E482623}
	EndGlobalSection
EndGlobal
